
Microsoft Visual Studio Solution File, Format Version 11.00
# Visual Studio 2010
Project("{E24C65DC-7377-472B-9ABA-BC803B73C61A}") = "asp_assignment", ".", "{1907C995-EF09-445D-83BB-FC70F7D5E9E3}"
	ProjectSection(WebsiteProperties) = preProject
		TargetFrameworkMoniker = ".NETFramework,Version%3Dv4.0"
		ProjectReferences = "{8AACD960-DD37-4777-8E2E-B08F817259D8}|QHHelpers.dll;"
		Debug.AspNetCompiler.VirtualPath = "/asp_assignment"
		Debug.AspNetCompiler.PhysicalPath = "..\asp_assignment\"
		Debug.AspNetCompiler.TargetPath = "PrecompiledWeb\asp_assignment\"
		Debug.AspNetCompiler.Updateable = "true"
		Debug.AspNetCompiler.ForceOverwrite = "true"
		Debug.AspNetCompiler.FixedNames = "false"
		Debug.AspNetCompiler.Debug = "True"
		Release.AspNetCompiler.VirtualPath = "/asp_assignment"
		Release.AspNetCompiler.PhysicalPath = "..\asp_assignment\"
		Release.AspNetCompiler.TargetPath = "PrecompiledWeb\asp_assignment\"
		Release.AspNetCompiler.Updateable = "true"
		Release.AspNetCompiler.ForceOverwrite = "true"
		Release.AspNetCompiler.FixedNames = "false"
		Release.AspNetCompiler.Debug = "False"
		VWDPort = "59832"
	EndProjectSection
EndProject
Project("{FAE04EC0-301F-11D3-BF4B-00C04F79EFBC}") = "QHHelpers", "..\QHHelpers\QHHelpers.csproj", "{8AACD960-DD37-4777-8E2E-B08F817259D8}"
EndProject
Global
	GlobalSection(SolutionConfigurationPlatforms) = preSolution
		Debug|Any CPU = Debug|Any CPU
		Release|Any CPU = Release|Any CPU
	EndGlobalSection
	GlobalSection(ProjectConfigurationPlatforms) = postSolution
		{1907C995-EF09-445D-83BB-FC70F7D5E9E3}.Debug|Any CPU.ActiveCfg = Debug|Any CPU
		{1907C995-EF09-445D-83BB-FC70F7D5E9E3}.Debug|Any CPU.Build.0 = Debug|Any CPU
		{1907C995-EF09-445D-83BB-FC70F7D5E9E3}.Release|Any CPU.ActiveCfg = Debug|Any CPU
		{1907C995-EF09-445D-83BB-FC70F7D5E9E3}.Release|Any CPU.Build.0 = Debug|Any CPU
		{8AACD960-DD37-4777-8E2E-B08F817259D8}.Debug|Any CPU.ActiveCfg = Debug|Any CPU
		{8AACD960-DD37-4777-8E2E-B08F817259D8}.Debug|Any CPU.Build.0 = Debug|Any CPU
		{8AACD960-DD37-4777-8E2E-B08F817259D8}.Release|Any CPU.ActiveCfg = Release|Any CPU
		{8AACD960-DD37-4777-8E2E-B08F817259D8}.Release|Any CPU.Build.0 = Release|Any CPU
	EndGlobalSection
	GlobalSection(SolutionProperties) = preSolution
		HideSolutionNode = FALSE
	EndGlobalSection
EndGlobal
